# This file is automatically @generated by Cargo.
# It is not intended for manual editing.
[[package]]
name = "fixedvec"
version = "0.2.4"
source = "registry+https://github.com/rust-lang/crates.io-index"
checksum = "b395ef2adf62bdeefcd1b59ad0dd2225c6c333ec79656ea79ac5285c46d051ea"

[[package]]
name = "ieee754"
version = "0.2.6"
source = "registry+https://github.com/rust-lang/crates.io-index"
checksum = "9007da9cacbd3e6343da136e98b0d2df013f553d35bdec8b518f07bea768e19c"

[[package]]
name = "rmodbus"
version = "0.5.3"
source = "registry+https://github.com/rust-lang/crates.io-index"
checksum = "75eaebe11a15a86a0bc4d28eb5bf0f0d5f2decffaf9a130d984fd86531466ff1"
dependencies = [
 "fixedvec",
 "ieee754",
]

[[package]]
name = "tcp_modbus"
version = "0.1.0"
dependencies = [
 "rmodbus",
]
